
Microsoft Visual Studio Solution File, Format Version 12.00
# Visual Studio Version 17
VisualStudioVersion = 17.4.33103.184
MinimumVisualStudioVersion = 10.0.40219.1
Project("{9A19103F-16F7-4668-BE54-9A1E7A4F7556}") = "Text Adventure", "Text Adventure.csproj", "{2762ACF8-A6BF-4710-BED1-588C2841A197}"
EndProject
Global
	GlobalSection(SolutionConfigurationPlatforms) = preSolution
		Debug|Any CPU = Debug|Any CPU
		Release|Any CPU = Release|Any CPU
	EndGlobalSection
	GlobalSection(ProjectConfigurationPlatforms) = postSolution
		{2762ACF8-A6BF-4710-BED1-588C2841A197}.Debug|Any CPU.ActiveCfg = Debug|Any CPU
		{2762ACF8-A6BF-4710-BED1-588C2841A197}.Debug|Any CPU.Build.0 = Debug|Any CPU
		{2762ACF8-A6BF-4710-BED1-588C2841A197}.Release|Any CPU.ActiveCfg = Release|Any CPU
		{2762ACF8-A6BF-4710-BED1-588C2841A197}.Release|Any CPU.Build.0 = Release|Any CPU
	EndGlobalSection
	GlobalSection(SolutionProperties) = preSolution
		HideSolutionNode = FALSE
	EndGlobalSection
	GlobalSection(ExtensibilityGlobals) = postSolution
		SolutionGuid = {42C1EA81-EA38-49BA-8D91-95F1B72E11DB}
	EndGlobalSection
EndGlobal
